
Microsoft Visual Studio Solution File, Format Version 12.00
# Visual Studio Version 17
VisualStudioVersion = 17.8.34511.84
MinimumVisualStudioVersion = 10.0.40219.1
Project("{FAE04EC0-301F-11D3-BF4B-00C04F79EFBC}") = "NugetDependenciesTool", "NugetDependenciesTool\NugetDependenciesTool.csproj", "{4E86742C-01E4-4E34-93E9-95FA89B09E7B}"
EndProject
Global
	GlobalSection(SolutionConfigurationPlatforms) = preSolution
		Debug|Any CPU = Debug|Any CPU
		Release|Any CPU = Release|Any CPU
	EndGlobalSection
	GlobalSection(ProjectConfigurationPlatforms) = postSolution
		{4E86742C-01E4-4E34-93E9-95FA89B09E7B}.Debug|Any CPU.ActiveCfg = Debug|Any CPU
		{4E86742C-01E4-4E34-93E9-95FA89B09E7B}.Debug|Any CPU.Build.0 = Debug|Any CPU
		{4E86742C-01E4-4E34-93E9-95FA89B09E7B}.Release|Any CPU.ActiveCfg = Release|Any CPU
		{4E86742C-01E4-4E34-93E9-95FA89B09E7B}.Release|Any CPU.Build.0 = Release|Any CPU
	EndGlobalSection
	GlobalSection(SolutionProperties) = preSolution
		HideSolutionNode = FALSE
	EndGlobalSection
	GlobalSection(ExtensibilityGlobals) = postSolution
		SolutionGuid = {27457092-CDF7-40F7-AAFA-6392ADDBC13B}
	EndGlobalSection
EndGlobal
